
Microsoft Visual Studio Solution File, Format Version 12.00
# Visual Studio 15
VisualStudioVersion = 15.0.27004.2009
MinimumVisualStudioVersion = 10.0.40219.1
Project("{9A19103F-16F7-4668-BE54-9A1E7A4F7556}") = "VGER_WAPI", "VGER_WAPI\VGER_WAPI.csproj", "{840D1904-4B77-4F67-9615-45C8E9E22072}"
EndProject
Project("{9A19103F-16F7-4668-BE54-9A1E7A4F7556}") = "VGER_WAPI_CLASSES", "VGER_WAPI_CLASSES\VGER_WAPI_CLASSES.csproj", "{6A94AE33-F2E9-4C0C-A072-869101B8A1B4}"
EndProject
Project("{9A19103F-16F7-4668-BE54-9A1E7A4F7556}") = "VGER_DISTRIBUTION", "VGER_DISTRIBUTION\VGER_DISTRIBUTION.csproj", "{F5755566-ED4E-4992-B457-65DAA0772C82}"
EndProject
Project("{9A19103F-16F7-4668-BE54-9A1E7A4F7556}") = "VGER_Communicator", "VGER_Communicator\VGER_Communicator.csproj", "{5A08C14E-C557-4236-AF16-D39F3C3C7344}"
EndProject
Global
	GlobalSection(SolutionConfigurationPlatforms) = preSolution
		Debug|Any CPU = Debug|Any CPU
		Release|Any CPU = Release|Any CPU
		VGER_APC|Any CPU = VGER_APC|Any CPU
		VGER_DEV|Any CPU = VGER_DEV|Any CPU
		VGER_DXB|Any CPU = VGER_DXB|Any CPU
		VGER_DXBUAT|Any CPU = VGER_DXBUAT|Any CPU
		VGER_IND|Any CPU = VGER_IND|Any CPU
		VGER_LON|Any CPU = VGER_LON|Any CPU
		VGER_UAT|Any CPU = VGER_UAT|Any CPU
	EndGlobalSection
	GlobalSection(ProjectConfigurationPlatforms) = postSolution
		{840D1904-4B77-4F67-9615-45C8E9E22072}.Debug|Any CPU.ActiveCfg = Debug|Any CPU
		{840D1904-4B77-4F67-9615-45C8E9E22072}.Debug|Any CPU.Build.0 = Debug|Any CPU
		{840D1904-4B77-4F67-9615-45C8E9E22072}.Release|Any CPU.ActiveCfg = Release|Any CPU
		{840D1904-4B77-4F67-9615-45C8E9E22072}.Release|Any CPU.Build.0 = Release|Any CPU
		{840D1904-4B77-4F67-9615-45C8E9E22072}.VGER_APC|Any CPU.ActiveCfg = VGER_APC|Any CPU
		{840D1904-4B77-4F67-9615-45C8E9E22072}.VGER_APC|Any CPU.Build.0 = VGER_APC|Any CPU
		{840D1904-4B77-4F67-9615-45C8E9E22072}.VGER_DEV|Any CPU.ActiveCfg = VGER_DEV|Any CPU
		{840D1904-4B77-4F67-9615-45C8E9E22072}.VGER_DEV|Any CPU.Build.0 = VGER_DEV|Any CPU
		{840D1904-4B77-4F67-9615-45C8E9E22072}.VGER_DXB|Any CPU.ActiveCfg = VGER_DXB|Any CPU
		{840D1904-4B77-4F67-9615-45C8E9E22072}.VGER_DXB|Any CPU.Build.0 = VGER_DXB|Any CPU
		{840D1904-4B77-4F67-9615-45C8E9E22072}.VGER_DXBUAT|Any CPU.ActiveCfg = VGER_DXBUAT|Any CPU
		{840D1904-4B77-4F67-9615-45C8E9E22072}.VGER_DXBUAT|Any CPU.Build.0 = VGER_DXBUAT|Any CPU
		{840D1904-4B77-4F67-9615-45C8E9E22072}.VGER_IND|Any CPU.ActiveCfg = VGER_IND|Any CPU
		{840D1904-4B77-4F67-9615-45C8E9E22072}.VGER_IND|Any CPU.Build.0 = VGER_IND|Any CPU
		{840D1904-4B77-4F67-9615-45C8E9E22072}.VGER_LON|Any CPU.ActiveCfg = VGER_LON|Any CPU
		{840D1904-4B77-4F67-9615-45C8E9E22072}.VGER_LON|Any CPU.Build.0 = VGER_LON|Any CPU
		{840D1904-4B77-4F67-9615-45C8E9E22072}.VGER_UAT|Any CPU.ActiveCfg = VGER_UAT|Any CPU
		{840D1904-4B77-4F67-9615-45C8E9E22072}.VGER_UAT|Any CPU.Build.0 = VGER_UAT|Any CPU
		{6A94AE33-F2E9-4C0C-A072-869101B8A1B4}.Debug|Any CPU.ActiveCfg = Debug|Any CPU
		{6A94AE33-F2E9-4C0C-A072-869101B8A1B4}.Debug|Any CPU.Build.0 = Debug|Any CPU
		{6A94AE33-F2E9-4C0C-A072-869101B8A1B4}.Release|Any CPU.ActiveCfg = Release|Any CPU
		{6A94AE33-F2E9-4C0C-A072-869101B8A1B4}.Release|Any CPU.Build.0 = Release|Any CPU
		{6A94AE33-F2E9-4C0C-A072-869101B8A1B4}.VGER_APC|Any CPU.ActiveCfg = VGER_APC|Any CPU
		{6A94AE33-F2E9-4C0C-A072-869101B8A1B4}.VGER_APC|Any CPU.Build.0 = VGER_APC|Any CPU
		{6A94AE33-F2E9-4C0C-A072-869101B8A1B4}.VGER_DEV|Any CPU.ActiveCfg = VGER_DEV|Any CPU
		{6A94AE33-F2E9-4C0C-A072-869101B8A1B4}.VGER_DEV|Any CPU.Build.0 = VGER_DEV|Any CPU
		{6A94AE33-F2E9-4C0C-A072-869101B8A1B4}.VGER_DXB|Any CPU.ActiveCfg = VGER_DXB|Any CPU
		{6A94AE33-F2E9-4C0C-A072-869101B8A1B4}.VGER_DXB|Any CPU.Build.0 = VGER_DXB|Any CPU
		{6A94AE33-F2E9-4C0C-A072-869101B8A1B4}.VGER_DXBUAT|Any CPU.ActiveCfg = VGER_DXBUAT|Any CPU
		{6A94AE33-F2E9-4C0C-A072-869101B8A1B4}.VGER_DXBUAT|Any CPU.Build.0 = VGER_DXBUAT|Any CPU
		{6A94AE33-F2E9-4C0C-A072-869101B8A1B4}.VGER_IND|Any CPU.ActiveCfg = VGER_IND|Any CPU
		{6A94AE33-F2E9-4C0C-A072-869101B8A1B4}.VGER_IND|Any CPU.Build.0 = VGER_IND|Any CPU
		{6A94AE33-F2E9-4C0C-A072-869101B8A1B4}.VGER_LON|Any CPU.ActiveCfg = VGER_LON|Any CPU
		{6A94AE33-F2E9-4C0C-A072-869101B8A1B4}.VGER_LON|Any CPU.Build.0 = VGER_LON|Any CPU
		{6A94AE33-F2E9-4C0C-A072-869101B8A1B4}.VGER_UAT|Any CPU.ActiveCfg = VGER_UAT|Any CPU
		{6A94AE33-F2E9-4C0C-A072-869101B8A1B4}.VGER_UAT|Any CPU.Build.0 = VGER_UAT|Any CPU
		{F5755566-ED4E-4992-B457-65DAA0772C82}.Debug|Any CPU.ActiveCfg = Debug|Any CPU
		{F5755566-ED4E-4992-B457-65DAA0772C82}.Debug|Any CPU.Build.0 = Debug|Any CPU
		{F5755566-ED4E-4992-B457-65DAA0772C82}.Release|Any CPU.ActiveCfg = Release|Any CPU
		{F5755566-ED4E-4992-B457-65DAA0772C82}.Release|Any CPU.Build.0 = Release|Any CPU
		{F5755566-ED4E-4992-B457-65DAA0772C82}.VGER_APC|Any CPU.ActiveCfg = VGER_APC|Any CPU
		{F5755566-ED4E-4992-B457-65DAA0772C82}.VGER_APC|Any CPU.Build.0 = VGER_APC|Any CPU
		{F5755566-ED4E-4992-B457-65DAA0772C82}.VGER_DEV|Any CPU.ActiveCfg = VGER_DEV|Any CPU
		{F5755566-ED4E-4992-B457-65DAA0772C82}.VGER_DEV|Any CPU.Build.0 = VGER_DEV|Any CPU
		{F5755566-ED4E-4992-B457-65DAA0772C82}.VGER_DXB|Any CPU.ActiveCfg = VGER_DXB|Any CPU
		{F5755566-ED4E-4992-B457-65DAA0772C82}.VGER_DXB|Any CPU.Build.0 = VGER_DXB|Any CPU
		{F5755566-ED4E-4992-B457-65DAA0772C82}.VGER_DXBUAT|Any CPU.ActiveCfg = VGER_DXBUAT|Any CPU
		{F5755566-ED4E-4992-B457-65DAA0772C82}.VGER_DXBUAT|Any CPU.Build.0 = VGER_DXBUAT|Any CPU
		{F5755566-ED4E-4992-B457-65DAA0772C82}.VGER_IND|Any CPU.ActiveCfg = VGER_IND|Any CPU
		{F5755566-ED4E-4992-B457-65DAA0772C82}.VGER_IND|Any CPU.Build.0 = VGER_IND|Any CPU
		{F5755566-ED4E-4992-B457-65DAA0772C82}.VGER_LON|Any CPU.ActiveCfg = VGER_LON|Any CPU
		{F5755566-ED4E-4992-B457-65DAA0772C82}.VGER_LON|Any CPU.Build.0 = VGER_LON|Any CPU
		{F5755566-ED4E-4992-B457-65DAA0772C82}.VGER_UAT|Any CPU.ActiveCfg = VGER_UAT|Any CPU
		{F5755566-ED4E-4992-B457-65DAA0772C82}.VGER_UAT|Any CPU.Build.0 = VGER_UAT|Any CPU
		{5A08C14E-C557-4236-AF16-D39F3C3C7344}.Debug|Any CPU.ActiveCfg = Debug|Any CPU
		{5A08C14E-C557-4236-AF16-D39F3C3C7344}.Debug|Any CPU.Build.0 = Debug|Any CPU
		{5A08C14E-C557-4236-AF16-D39F3C3C7344}.Release|Any CPU.ActiveCfg = Release|Any CPU
		{5A08C14E-C557-4236-AF16-D39F3C3C7344}.Release|Any CPU.Build.0 = Release|Any CPU
		{5A08C14E-C557-4236-AF16-D39F3C3C7344}.VGER_APC|Any CPU.ActiveCfg = VGER_APC|Any CPU
		{5A08C14E-C557-4236-AF16-D39F3C3C7344}.VGER_APC|Any CPU.Build.0 = VGER_APC|Any CPU
		{5A08C14E-C557-4236-AF16-D39F3C3C7344}.VGER_DEV|Any CPU.ActiveCfg = VGER_DEV|Any CPU
		{5A08C14E-C557-4236-AF16-D39F3C3C7344}.VGER_DEV|Any CPU.Build.0 = VGER_DEV|Any CPU
		{5A08C14E-C557-4236-AF16-D39F3C3C7344}.VGER_DXB|Any CPU.ActiveCfg = VGER_DXB|Any CPU
		{5A08C14E-C557-4236-AF16-D39F3C3C7344}.VGER_DXB|Any CPU.Build.0 = VGER_DXB|Any CPU
		{5A08C14E-C557-4236-AF16-D39F3C3C7344}.VGER_DXBUAT|Any CPU.ActiveCfg = VGER_DXBUAT|Any CPU
		{5A08C14E-C557-4236-AF16-D39F3C3C7344}.VGER_DXBUAT|Any CPU.Build.0 = VGER_DXBUAT|Any CPU
		{5A08C14E-C557-4236-AF16-D39F3C3C7344}.VGER_IND|Any CPU.ActiveCfg = VGER_IND|Any CPU
		{5A08C14E-C557-4236-AF16-D39F3C3C7344}.VGER_IND|Any CPU.Build.0 = VGER_IND|Any CPU
		{5A08C14E-C557-4236-AF16-D39F3C3C7344}.VGER_LON|Any CPU.ActiveCfg = VGER_LON|Any CPU
		{5A08C14E-C557-4236-AF16-D39F3C3C7344}.VGER_LON|Any CPU.Build.0 = VGER_LON|Any CPU
		{5A08C14E-C557-4236-AF16-D39F3C3C7344}.VGER_UAT|Any CPU.ActiveCfg = VGER_UAT|Any CPU
		{5A08C14E-C557-4236-AF16-D39F3C3C7344}.VGER_UAT|Any CPU.Build.0 = VGER_UAT|Any CPU
	EndGlobalSection
	GlobalSection(SolutionProperties) = preSolution
		HideSolutionNode = FALSE
	EndGlobalSection
	GlobalSection(ExtensibilityGlobals) = postSolution
		SolutionGuid = {A18FD5E7-CBCC-4609-A924-0A48B76D466E}
	EndGlobalSection
EndGlobal
